// !$*UTF8*$!
{
	archiveVersion = 1;
	classes = {
	};
	objectVersion = 77;
	objects = {

/* Begin PBXContainerItemProxy section */
		C62ACC9C2CB17D9D00E2B32F /* PBXContainerItemProxy */ = {
			isa = PBXContainerItemProxy;
			containerPortal = C62ACC7D2CB17D9B00E2B32F /* Project object */;
			proxyType = 1;
			remoteGlobalIDString = C62ACC842CB17D9B00E2B32F;
			remoteInfo = Reminder;
		};
		C62ACCA62CB17D9D00E2B32F /* PBXContainerItemProxy */ = {
			isa = PBXContainerItemProxy;
			containerPortal = C62ACC7D2CB17D9B00E2B32F /* Project object */;
			proxyType = 1;
			remoteGlobalIDString = C62ACC842CB17D9B00E2B32F;
			remoteInfo = Reminder;
		};
/* End PBXContainerItemProxy section */

/* Begin PBXFileReference section */
		C62ACC852CB17D9C00E2B32F /* Reminder.app */ = {isa = PBXFileReference; explicitFileType = wrapper.application; includeInIndex = 0; path = Reminder.app; sourceTree = BUILT_PRODUCTS_DIR; };
		C62ACC9B2CB17D9D00E2B32F /* ReminderTests.xctest */ = {isa = PBXFileReference; explicitFileType = wrapper.cfbundle; includeInIndex = 0; path = ReminderTests.xctest; sourceTree = BUILT_PRODUCTS_DIR; };
		C62ACCA52CB17D9D00E2B32F /* ReminderUITests.xctest */ = {isa = PBXFileReference; explicitFileType = wrapper.cfbundle; includeInIndex = 0; path = ReminderUITests.xctest; sourceTree = BUILT_PRODUCTS_DIR; };
/* End PBXFileReference section */

/* Begin PBXFileSystemSynchronizedBuildFileExceptionSet section */
		C62ACCAD2CB17D9D00E2B32F /* Exceptions for "Reminder" folder in "Reminder" target */ = {
			isa = PBXFileSystemSynchronizedBuildFileExceptionSet;
			membershipExceptions = (
				Info.plist,
			);
			target = C62ACC842CB17D9B00E2B32F /* Reminder */;
		};
/* End PBXFileSystemSynchronizedBuildFileExceptionSet section */

/* Begin PBXFileSystemSynchronizedRootGroup section */
		C62ACC872CB17D9C00E2B32F /* Reminder */ = {
			isa = PBXFileSystemSynchronizedRootGroup;
			exceptions = (
				C62ACCAD2CB17D9D00E2B32F /* Exceptions for "Reminder" folder in "Reminder" target */,
			);
			path = Reminder;
			sourceTree = "<group>";
		};
		C62ACC9E2CB17D9D00E2B32F /* ReminderTests */ = {
			isa = PBXFileSystemSynchronizedRootGroup;
			path = ReminderTests;
			sourceTree = "<group>";
		};
		C62ACCA82CB17D9D00E2B32F /* ReminderUITests */ = {
			isa = PBXFileSystemSynchronizedRootGroup;
			path = ReminderUITests;
			sourceTree = "<group>";
		};
/* End PBXFileSystemSynchronizedRootGroup section */

/* Begin PBXFrameworksBuildPhase section */
		C62ACC822CB17D9B00E2B32F /* Frameworks */ = {
			isa = PBXFrameworksBuildPhase;
			buildActionMask = 2147483647;
			files = (
			);
			runOnlyForDeploymentPostprocessing = 0;
		};
		C62ACC982CB17D9D00E2B32F /* Frameworks */ = {
			isa = PBXFrameworksBuildPhase;
			buildActionMask = 2147483647;
			files = (
			);
			runOnlyForDeploymentPostprocessing = 0;
		};
		C62ACCA22CB17D9D00E2B32F /* Frameworks */ = {
			isa = PBXFrameworksBuildPhase;
			buildActionMask = 2147483647;
			files = (
			);
			runOnlyForDeploymentPostprocessing = 0;
		};
/* End PBXFrameworksBuildPhase section */

/* Begin PBXGroup section */
		C62ACC7C2CB17D9B00E2B32F = {
			isa = PBXGroup;
			children = (
				C62ACC872CB17D9C00E2B32F /* Reminder */,
				C62ACC9E2CB17D9D00E2B32F /* ReminderTests */,
				C62ACCA82CB17D9D00E2B32F /* ReminderUITests */,
				C62ACC862CB17D9C00E2B32F /* Products */,
			);
			sourceTree = "<group>";
		};
		C62ACC862CB17D9C00E2B32F /* Products */ = {
			isa = PBXGroup;
			children = (
				C62ACC852CB17D9C00E2B32F /* Reminder.app */,
				C62ACC9B2CB17D9D00E2B32F /* ReminderTests.xctest */,
				C62ACCA52CB17D9D00E2B32F /* ReminderUITests.xctest */,
			);
			name = Products;
			sourceTree = "<group>";
		};
/* End PBXGroup section */

/* Begin PBXNativeTarget section */
		C62ACC842CB17D9B00E2B32F /* Reminder */ = {
			isa = PBXNativeTarget;
			buildConfigurationList = C62ACCAE2CB17D9D00E2B32F /* Build configuration list for PBXNativeTarget "Reminder" */;
			buildPhases = (
				C62ACC812CB17D9B00E2B32F /* Sources */,
				C62ACC822CB17D9B00E2B32F /* Frameworks */,
				C62ACC832CB17D9B00E2B32F /* Resources */,
			);
			buildRules = (
			);
			dependencies = (
			);
			fileSystemSynchronizedGroups = (
				C62ACC872CB17D9C00E2B32F /* Reminder */,
			);
			name = Reminder;
			packageProductDependencies = (
			);
			productName = Reminder;
			productReference = C62ACC852CB17D9C00E2B32F /* Reminder.app */;
			productType = "com.apple.product-type.application";
		};
		C62ACC9A2CB17D9D00E2B32F /* ReminderTests */ = {
			isa = PBXNativeTarget;
			buildConfigurationList = C62ACCB32CB17D9D00E2B32F /* Build configuration list for PBXNativeTarget "ReminderTests" */;
			buildPhases = (
				C62ACC972CB17D9D00E2B32F /* Sources */,
				C62ACC982CB17D9D00E2B32F /* Frameworks */,
				C62ACC992CB17D9D00E2B32F /* Resources */,
			);
			buildRules = (
			);
			dependencies = (
				C62ACC9D2CB17D9D00E2B32F /* PBXTargetDependency */,
			);
			fileSystemSynchronizedGroups = (
				C62ACC9E2CB17D9D00E2B32F /* ReminderTests */,
			);
			name = ReminderTests;
			packageProductDependencies = (
			);
			productName = ReminderTests;
			productReference = C62ACC9B2CB17D9D00E2B32F /* ReminderTests.xctest */;
			productType = "com.apple.product-type.bundle.unit-test";
		};
		C62ACCA42CB17D9D00E2B32F /* ReminderUITests */ = {
			isa = PBXNativeTarget;
			buildConfigurationList = C62ACCB62CB17D9D00E2B32F /* Build configuration list for PBXNativeTarget "ReminderUITests" */;
			buildPhases = (
				C62ACCA12CB17D9D00E2B32F /* Sources */,
				C62ACCA22CB17D9D00E2B32F /* Frameworks */,
				C62ACCA32CB17D9D00E2B32F /* Resources */,
			);
			buildRules = (
			);
			dependencies = (
				C62ACCA72CB17D9D00E2B32F /* PBXTargetDependency */,
			);
			fileSystemSynchronizedGroups = (
				C62ACCA82CB17D9D00E2B32F /* ReminderUITests */,
			);
			name = ReminderUITests;
			packageProductDependencies = (
			);
			productName = ReminderUITests;
			productReference = C62ACCA52CB17D9D00E2B32F /* ReminderUITests.xctest */;
			productType = "com.apple.product-type.bundle.ui-testing";
		};
/* End PBXNativeTarget section */

/* Begin PBXProject section */
		C62ACC7D2CB17D9B00E2B32F /* Project object */ = {
			isa = PBXProject;
			attributes = {
				BuildIndependentTargetsInParallel = 1;
				LastSwiftUpdateCheck = 1600;
				LastUpgradeCheck = 1600;
				TargetAttributes = {
					C62ACC842CB17D9B00E2B32F = {
						CreatedOnToolsVersion = 16.0;
					};
					C62ACC9A2CB17D9D00E2B32F = {
						CreatedOnToolsVersion = 16.0;
						TestTargetID = C62ACC842CB17D9B00E2B32F;
					};
					C62ACCA42CB17D9D00E2B32F = {
						CreatedOnToolsVersion = 16.0;
						TestTargetID = C62ACC842CB17D9B00E2B32F;
					};
				};
			};
			buildConfigurationList = C62ACC802CB17D9B00E2B32F /* Build configuration list for PBXProject "Reminder" */;
			developmentRegion = en;
			hasScannedForEncodings = 0;
			knownRegions = (
				en,
				Base,
			);
			mainGroup = C62ACC7C2CB17D9B00E2B32F;
			minimizedProjectReferenceProxies = 1;
			preferredProjectObjectVersion = 77;
			productRefGroup = C62ACC862CB17D9C00E2B32F /* Products */;
			projectDirPath = "";
			projectRoot = "";
			targets = (
				C62ACC842CB17D9B00E2B32F /* Reminder */,
				C62ACC9A2CB17D9D00E2B32F /* ReminderTests */,
				C62ACCA42CB17D9D00E2B32F /* ReminderUITests */,
			);
		};
/* End PBXProject section */

/* Begin PBXResourcesBuildPhase section */
		C62ACC832CB17D9B00E2B32F /* Resources */ = {
			isa = PBXResourcesBuildPhase;
			buildActionMask = 2147483647;
			files = (
			);
			runOnlyForDeploymentPostprocessing = 0;
		};
		C62ACC992CB17D9D00E2B32F /* Resources */ = {
			isa = PBXResourcesBuildPhase;
			buildActionMask = 2147483647;
			files = (
			);
			runOnlyForDeploymentPostprocessing = 0;
		};
		C62ACCA32CB17D9D00E2B32F /* Resources */ = {
			isa = PBXResourcesBuildPhase;
			buildActionMask = 2147483647;
			files = (
			);
			runOnlyForDeploymentPostprocessing = 0;
		};
/* End PBXResourcesBuildPhase section */

/* Begin PBXSourcesBuildPhase section */
		C62ACC812CB17D9B00E2B32F /* Sources */ = {
			isa = PBXSourcesBuildPhase;
			buildActionMask = 2147483647;
			files = (
			);
			runOnlyForDeploymentPostprocessing = 0;
		};
		C62ACC972CB17D9D00E2B32F /* Sources */ = {
			isa = PBXSourcesBuildPhase;
			buildActionMask = 2147483647;
			files = (
			);
			runOnlyForDeploymentPostprocessing = 0;
		};
		C62ACCA12CB17D9D00E2B32F /* Sources */ = {
			isa = PBXSourcesBuildPhase;
			buildActionMask = 2147483647;
			files = (
			);
			runOnlyForDeploymentPostprocessing = 0;
		};
/* End PBXSourcesBuildPhase section */

/* Begin PBXTargetDependency section */
		C62ACC9D2CB17D9D00E2B32F /* PBXTargetDependency */ = {
			isa = PBXTargetDependency;
			target = C62ACC842CB17D9B00E2B32F /* Reminder */;
			targetProxy = C62ACC9C2CB17D9D00E2B32F /* PBXContainerItemProxy */;
		};
		C62ACCA72CB17D9D00E2B32F /* PBXTargetDependency */ = {
			isa = PBXTargetDependency;
			target = C62ACC842CB17D9B00E2B32F /* Reminder */;
			targetProxy = C62ACCA62CB17D9D00E2B32F /* PBXContainerItemProxy */;
		};
/* End PBXTargetDependency section */

/* Begin XCBuildConfiguration section */
		C62ACCAF2CB17D9D00E2B32F /* Debug */ = {
			isa = XCBuildConfiguration;
			buildSettings = {
				ASSETCATALOG_COMPILER_APPICON_NAME = AppIcon;
				ASSETCATALOG_COMPILER_GLOBAL_ACCENT_COLOR_NAME = AccentColor;
				CODE_SIGN_STYLE = Automatic;
				CURRENT_PROJECT_VERSION = 1;
				DEVELOPMENT_TEAM = AVJYPRL2JA;
				GENERATE_INFOPLIST_FILE = YES;
				INFOPLIST_FILE = Reminder/Info.plist;
				INFOPLIST_KEY_UIApplicationSupportsIndirectInputEvents = YES;
				INFOPLIST_KEY_UILaunchStoryboardName = SplashViewController;
				INFOPLIST_KEY_UISupportedInterfaceOrientations_iPad = "UIInterfaceOrientationPortrait UIInterfaceOrientationPortraitUpsideDown UIInterfaceOrientationLandscapeLeft UIInterfaceOrientationLandscapeRight";
				INFOPLIST_KEY_UISupportedInterfaceOrientations_iPhone = "UIInterfaceOrientationPortrait UIInterfaceOrientationLandscapeLeft UIInterfaceOrientationLandscapeRight";
				LD_RUNPATH_SEARCH_PATHS = (
					"$(inherited)",
					"@executable_path/Frameworks",
				);
				MARKETING_VERSION = 1.0;
				PRODUCT_BUNDLE_IDENTIFIER = arthurrios.Reminder;
				PRODUCT_NAME = "$(TARGET_NAME)";
				SWIFT_EMIT_LOC_STRINGS = YES;
				SWIFT_VERSION = 5.0;
				TARGETED_DEVICE_FAMILY = "1,2";
			};
			name = Debug;
		};
		C62ACCB02CB17D9D00E2B32F /* Release */ = {
			isa = XCBuildConfiguration;
			buildSettings = {
				ASSETCATALOG_COMPILER_APPICON_NAME = AppIcon;
				ASSETCATALOG_COMPILER_GLOBAL_ACCENT_COLOR_NAME = AccentColor;
				CODE_SIGN_STYLE = Automatic;
				CURRENT_PROJECT_VERSION = 1;
				DEVELOPMENT_TEAM = AVJYPRL2JA;
				GENERATE_INFOPLIST_FILE = YES;
				INFOPLIST_FILE = Reminder/Info.plist;
				INFOPLIST_KEY_UIApplicationSupportsIndirectInputEvents = YES;
				INFOPLIST_KEY_UILaunchStoryboardName = SplashViewController;
				INFOPLIST_KEY_UISupportedInterfaceOrientations_iPad = "UIInterfaceOrientationPortrait UIInterfaceOrientationPortraitUpsideDown UIInterfaceOrientationLandscapeLeft UIInterfaceOrientationLandscapeRight";
				INFOPLIST_KEY_UISupportedInterfaceOrientations_iPhone = "UIInterfaceOrientationPortrait UIInterfaceOrientationLandscapeLeft UIInterfaceOrientationLandscapeRight";
				LD_RUNPATH_SEARCH_PATHS = (
					"$(inherited)",
					"@executable_path/Frameworks",
				);
				MARKETING_VERSION = 1.0;
				PRODUCT_BUNDLE_IDENTIFIER = arthurrios.Reminder;
				PRODUCT_NAME = "$(TARGET_NAME)";
				SWIFT_EMIT_LOC_STRINGS = YES;
				SWIFT_VERSION = 5.0;
				TARGETED_DEVICE_FAMILY = "1,2";
			};
			name = Release;
		};
		C62ACCB12CB17D9D00E2B32F /* Debug */ = {
			isa = XCBuildConfiguration;
			buildSettings = {
				ALWAYS_SEARCH_USER_PATHS = NO;
				ASSETCATALOG_COMPILER_GENERATE_SWIFT_ASSET_SYMBOL_EXTENSIONS = YES;
				CLANG_ANALYZER_NONNULL = YES;
				CLANG_ANALYZER_NUMBER_OBJECT_CONVERSION = YES_AGGRESSIVE;
				CLANG_CXX_LANGUAGE_STANDARD = "gnu++20";
				CLANG_ENABLE_MODULES = YES;
				CLANG_ENABLE_OBJC_ARC = YES;
				CLANG_ENABLE_OBJC_WEAK = YES;
				CLANG_WARN_BLOCK_CAPTURE_AUTORELEASING = YES;
				CLANG_WARN_BOOL_CONVERSION = YES;
				CLANG_WARN_COMMA = YES;
				CLANG_WARN_CONSTANT_CONVERSION = YES;
				CLANG_WARN_DEPRECATED_OBJC_IMPLEMENTATIONS = YES;
				CLANG_WARN_DIRECT_OBJC_ISA_USAGE = YES_ERROR;
				CLANG_WARN_DOCUMENTATION_COMMENTS = YES;
				CLANG_WARN_EMPTY_BODY = YES;
				CLANG_WARN_ENUM_CONVERSION = YES;
				CLANG_WARN_INFINITE_RECURSION = YES;
				CLANG_WARN_INT_CONVERSION = YES;
				CLANG_WARN_NON_LITERAL_NULL_CONVERSION = YES;
				CLANG_WARN_OBJC_IMPLICIT_RETAIN_SELF = YES;
				CLANG_WARN_OBJC_LITERAL_CONVERSION = YES;
				CLANG_WARN_OBJC_ROOT_CLASS = YES_ERROR;
				CLANG_WARN_QUOTED_INCLUDE_IN_FRAMEWORK_HEADER = YES;
				CLANG_WARN_RANGE_LOOP_ANALYSIS = YES;
				CLANG_WARN_STRICT_PROTOTYPES = YES;
				CLANG_WARN_SUSPICIOUS_MOVE = YES;
				CLANG_WARN_UNGUARDED_AVAILABILITY = YES_AGGRESSIVE;
				CLANG_WARN_UNREACHABLE_CODE = YES;
				CLANG_WARN__DUPLICATE_METHOD_MATCH = YES;
				COPY_PHASE_STRIP = NO;
				DEBUG_INFORMATION_FORMAT = dwarf;
				ENABLE_STRICT_OBJC_MSGSEND = YES;
				ENABLE_TESTABILITY = YES;
				ENABLE_USER_SCRIPT_SANDBOXING = YES;
				GCC_C_LANGUAGE_STANDARD = gnu17;
				GCC_DYNAMIC_NO_PIC = NO;
				GCC_NO_COMMON_BLOCKS = YES;
				GCC_OPTIMIZATION_LEVEL = 0;
				GCC_PREPROCESSOR_DEFINITIONS = (
					"DEBUG=1",
					"$(inherited)",
				);
				GCC_WARN_64_TO_32_BIT_CONVERSION = YES;
				GCC_WARN_ABOUT_RETURN_TYPE = YES_ERROR;
				GCC_WARN_UNDECLARED_SELECTOR = YES;
				GCC_WARN_UNINITIALIZED_AUTOS = YES_AGGRESSIVE;
				GCC_WARN_UNUSED_FUNCTION = YES;
				GCC_WARN_UNUSED_VARIABLE = YES;
				IPHONEOS_DEPLOYMENT_TARGET = 18.0;
				LOCALIZATION_PREFERS_STRING_CATALOGS = YES;
				MTL_ENABLE_DEBUG_INFO = INCLUDE_SOURCE;
				MTL_FAST_MATH = YES;
				ONLY_ACTIVE_ARCH = YES;
				SDKROOT = iphoneos;
				SWIFT_ACTIVE_COMPILATION_CONDITIONS = "DEBUG $(inherited)";
				SWIFT_OPTIMIZATION_LEVEL = "-Onone";
			};
			name = Debug;
		};
		C62ACCB22CB17D9D00E2B32F /* Release */ = {
			isa = XCBuildConfiguration;
			buildSettings = {
				ALWAYS_SEARCH_USER_PATHS = NO;
				ASSETCATALOG_COMPILER_GENERATE_SWIFT_ASSET_SYMBOL_EXTENSIONS = YES;
				CLANG_ANALYZER_NONNULL = YES;
				CLANG_ANALYZER_NUMBER_OBJECT_CONVERSION = YES_AGGRESSIVE;
				CLANG_CXX_LANGUAGE_STANDARD = "gnu++20";
				CLANG_ENABLE_MODULES = YES;
				CLANG_ENABLE_OBJC_ARC = YES;
				CLANG_ENABLE_OBJC_WEAK = YES;
				CLANG_WARN_BLOCK_CAPTURE_AUTORELEASING = YES;
				CLANG_WARN_BOOL_CONVERSION = YES;
				CLANG_WARN_COMMA = YES;
				CLANG_WARN_CONSTANT_CONVERSION = YES;
				CLANG_WARN_DEPRECATED_OBJC_IMPLEMENTATIONS = YES;
				CLANG_WARN_DIRECT_OBJC_ISA_USAGE = YES_ERROR;
				CLANG_WARN_DOCUMENTATION_COMMENTS = YES;
				CLANG_WARN_EMPTY_BODY = YES;
				CLANG_WARN_ENUM_CONVERSION = YES;
				CLANG_WARN_INFINITE_RECURSION = YES;
				CLANG_WARN_INT_CONVERSION = YES;
				CLANG_WARN_NON_LITERAL_NULL_CONVERSION = YES;
				CLANG_WARN_OBJC_IMPLICIT_RETAIN_SELF = YES;
				CLANG_WARN_OBJC_LITERAL_CONVERSION = YES;
				CLANG_WARN_OBJC_ROOT_CLASS = YES_ERROR;
				CLANG_WARN_QUOTED_INCLUDE_IN_FRAMEWORK_HEADER = YES;
				CLANG_WARN_RANGE_LOOP_ANALYSIS = YES;
				CLANG_WARN_STRICT_PROTOTYPES = YES;
				CLANG_WARN_SUSPICIOUS_MOVE = YES;
				CLANG_WARN_UNGUARDED_AVAILABILITY = YES_AGGRESSIVE;
				CLANG_WARN_UNREACHABLE_CODE = YES;
				CLANG_WARN__DUPLICATE_METHOD_MATCH = YES;
				COPY_PHASE_STRIP = NO;
				DEBUG_INFORMATION_FORMAT = "dwarf-with-dsym";
				ENABLE_NS_ASSERTIONS = NO;
				ENABLE_STRICT_OBJC_MSGSEND = YES;
				ENABLE_USER_SCRIPT_SANDBOXING = YES;
				GCC_C_LANGUAGE_STANDARD = gnu17;
				GCC_NO_COMMON_BLOCKS = YES;
				GCC_WARN_64_TO_32_BIT_CONVERSION = YES;
				GCC_WARN_ABOUT_RETURN_TYPE = YES_ERROR;
				GCC_WARN_UNDECLARED_SELECTOR = YES;
				GCC_WARN_UNINITIALIZED_AUTOS = YES_AGGRESSIVE;
				GCC_WARN_UNUSED_FUNCTION = YES;
				GCC_WARN_UNUSED_VARIABLE = YES;
				IPHONEOS_DEPLOYMENT_TARGET = 18.0;
				LOCALIZATION_PREFERS_STRING_CATALOGS = YES;
				MTL_ENABLE_DEBUG_INFO = NO;
				MTL_FAST_MATH = YES;
				SDKROOT = iphoneos;
				SWIFT_COMPILATION_MODE = wholemodule;
				VALIDATE_PRODUCT = YES;
			};
			name = Release;
		};
		C62ACCB42CB17D9D00E2B32F /* Debug */ = {
			isa = XCBuildConfiguration;
			buildSettings = {
				BUNDLE_LOADER = "$(TEST_HOST)";
				CODE_SIGN_STYLE = Automatic;
				CURRENT_PROJECT_VERSION = 1;
				DEVELOPMENT_TEAM = AVJYPRL2JA;
				GENERATE_INFOPLIST_FILE = YES;
				IPHONEOS_DEPLOYMENT_TARGET = 18.0;
				MARKETING_VERSION = 1.0;
				PRODUCT_BUNDLE_IDENTIFIER = arthurrios.ReminderTests;
				PRODUCT_NAME = "$(TARGET_NAME)";
				SWIFT_EMIT_LOC_STRINGS = NO;
				SWIFT_VERSION = 5.0;
				TARGETED_DEVICE_FAMILY = "1,2";
				TEST_HOST = "$(BUILT_PRODUCTS_DIR)/Reminder.app/$(BUNDLE_EXECUTABLE_FOLDER_PATH)/Reminder";
			};
			name = Debug;
		};
		C62ACCB52CB17D9D00E2B32F /* Release */ = {
			isa = XCBuildConfiguration;
			buildSettings = {
				BUNDLE_LOADER = "$(TEST_HOST)";
				CODE_SIGN_STYLE = Automatic;
				CURRENT_PROJECT_VERSION = 1;
				DEVELOPMENT_TEAM = AVJYPRL2JA;
				GENERATE_INFOPLIST_FILE = YES;
				IPHONEOS_DEPLOYMENT_TARGET = 18.0;
				MARKETING_VERSION = 1.0;
				PRODUCT_BUNDLE_IDENTIFIER = arthurrios.ReminderTests;
				PRODUCT_NAME = "$(TARGET_NAME)";
				SWIFT_EMIT_LOC_STRINGS = NO;
				SWIFT_VERSION = 5.0;
				TARGETED_DEVICE_FAMILY = "1,2";
				TEST_HOST = "$(BUILT_PRODUCTS_DIR)/Reminder.app/$(BUNDLE_EXECUTABLE_FOLDER_PATH)/Reminder";
			};
			name = Release;
		};
		C62ACCB72CB17D9D00E2B32F /* Debug */ = {
			isa = XCBuildConfiguration;
			buildSettings = {
				CODE_SIGN_STYLE = Automatic;
				CURRENT_PROJECT_VERSION = 1;
				DEVELOPMENT_TEAM = AVJYPRL2JA;
				GENERATE_INFOPLIST_FILE = YES;
				MARKETING_VERSION = 1.0;
				PRODUCT_BUNDLE_IDENTIFIER = arthurrios.ReminderUITests;
				PRODUCT_NAME = "$(TARGET_NAME)";
				SWIFT_EMIT_LOC_STRINGS = NO;
				SWIFT_VERSION = 5.0;
				TARGETED_DEVICE_FAMILY = "1,2";
				TEST_TARGET_NAME = Reminder;
			};
			name = Debug;
		};
		C62ACCB82CB17D9D00E2B32F /* Release */ = {
			isa = XCBuildConfiguration;
			buildSettings = {
				CODE_SIGN_STYLE = Automatic;
				CURRENT_PROJECT_VERSION = 1;
				DEVELOPMENT_TEAM = AVJYPRL2JA;
				GENERATE_INFOPLIST_FILE = YES;
				MARKETING_VERSION = 1.0;
				PRODUCT_BUNDLE_IDENTIFIER = arthurrios.ReminderUITests;
				PRODUCT_NAME = "$(TARGET_NAME)";
				SWIFT_EMIT_LOC_STRINGS = NO;
				SWIFT_VERSION = 5.0;
				TARGETED_DEVICE_FAMILY = "1,2";
				TEST_TARGET_NAME = Reminder;
			};
			name = Release;
		};
/* End XCBuildConfiguration section */

/* Begin XCConfigurationList section */
		C62ACC802CB17D9B00E2B32F /* Build configuration list for PBXProject "Reminder" */ = {
			isa = XCConfigurationList;
			buildConfigurations = (
				C62ACCB12CB17D9D00E2B32F /* Debug */,
				C62ACCB22CB17D9D00E2B32F /* Release */,
			);
			defaultConfigurationIsVisible = 0;
			defaultConfigurationName = Release;
		};
		C62ACCAE2CB17D9D00E2B32F /* Build configuration list for PBXNativeTarget "Reminder" */ = {
			isa = XCConfigurationList;
			buildConfigurations = (
				C62ACCAF2CB17D9D00E2B32F /* Debug */,
				C62ACCB02CB17D9D00E2B32F /* Release */,
			);
			defaultConfigurationIsVisible = 0;
			defaultConfigurationName = Release;
		};
		C62ACCB32CB17D9D00E2B32F /* Build configuration list for PBXNativeTarget "ReminderTests" */ = {
			isa = XCConfigurationList;
			buildConfigurations = (
				C62ACCB42CB17D9D00E2B32F /* Debug */,
				C62ACCB52CB17D9D00E2B32F /* Release */,
			);
			defaultConfigurationIsVisible = 0;
			defaultConfigurationName = Release;
		};
		C62ACCB62CB17D9D00E2B32F /* Build configuration list for PBXNativeTarget "ReminderUITests" */ = {
			isa = XCConfigurationList;
			buildConfigurations = (
				C62ACCB72CB17D9D00E2B32F /* Debug */,
				C62ACCB82CB17D9D00E2B32F /* Release */,
			);
			defaultConfigurationIsVisible = 0;
			defaultConfigurationName = Release;
		};
/* End XCConfigurationList section */
	};
	rootObject = C62ACC7D2CB17D9B00E2B32F /* Project object */;
}
