// !$*UTF8*$!
{
	archiveVersion = 1;
	classes = {
	};
	objectVersion = 63;
	objects = {

/* Begin PBXBuildFile section */
		C61656372CBF0DB500F828F3 /* GoogleService-Info.plist in Resources */ = {isa = PBXBuildFile; fileRef = C61656362CBF0DB500F828F3 /* GoogleService-Info.plist */; };
		C616563A2CC31AEF00F828F3 /* ReminderFlowController.swift in Sources */ = {isa = PBXBuildFile; fileRef = C61656392CC31AEF00F828F3 /* ReminderFlowController.swift */; };
		C616563B2CC31AEF00F828F3 /* ReminderFlowController.swift in Sources */ = {isa = PBXBuildFile; fileRef = C61656392CC31AEF00F828F3 /* ReminderFlowController.swift */; };
		C616563C2CC31AEF00F828F3 /* ReminderFlowController.swift in Sources */ = {isa = PBXBuildFile; fileRef = C61656392CC31AEF00F828F3 /* ReminderFlowController.swift */; };
		C616565A2CC31EC300F828F3 /* LoginBottomSheetFlowDelegate.swift in Sources */ = {isa = PBXBuildFile; fileRef = C61656592CC31EC300F828F3 /* LoginBottomSheetFlowDelegate.swift */; };
		C616565B2CC31EC300F828F3 /* LoginBottomSheetFlowDelegate.swift in Sources */ = {isa = PBXBuildFile; fileRef = C61656592CC31EC300F828F3 /* LoginBottomSheetFlowDelegate.swift */; };
		C616565C2CC31EC300F828F3 /* LoginBottomSheetFlowDelegate.swift in Sources */ = {isa = PBXBuildFile; fileRef = C61656592CC31EC300F828F3 /* LoginBottomSheetFlowDelegate.swift */; };
		C699433D2CBEFC78009E6326 /* LoginBottomSheetViewController.swift in Sources */ = {isa = PBXBuildFile; fileRef = C699432C2CBEFC78009E6326 /* LoginBottomSheetViewController.swift */; };
		C699433E2CBEFC78009E6326 /* String+Ext.swift in Sources */ = {isa = PBXBuildFile; fileRef = C69943272CBEFC78009E6326 /* String+Ext.swift */; };
		C699433F2CBEFC78009E6326 /* LoginBottomSheetView.swift in Sources */ = {isa = PBXBuildFile; fileRef = C699432B2CBEFC78009E6326 /* LoginBottomSheetView.swift */; };
		C69943402CBEFC78009E6326 /* SceneDelegate.swift in Sources */ = {isa = PBXBuildFile; fileRef = C69943362CBEFC78009E6326 /* SceneDelegate.swift */; };
		C69943412CBEFC78009E6326 /* Colors-Constants.swift in Sources */ = {isa = PBXBuildFile; fileRef = C69943202CBEFC78009E6326 /* Colors-Constants.swift */; };
		C69943422CBEFC78009E6326 /* AppDelegate.swift in Sources */ = {isa = PBXBuildFile; fileRef = C69943342CBEFC78009E6326 /* AppDelegate.swift */; };
		C69943432CBEFC78009E6326 /* LoginBottomSheetViewDelegate.swift in Sources */ = {isa = PBXBuildFile; fileRef = C699432D2CBEFC78009E6326 /* LoginBottomSheetViewDelegate.swift */; };
		C69943452CBEFC78009E6326 /* LoginBottomSheetViewModel.swift in Sources */ = {isa = PBXBuildFile; fileRef = C69943292CBEFC78009E6326 /* LoginBottomSheetViewModel.swift */; };
		C69943462CBEFC78009E6326 /* Metrics-Constants.swift in Sources */ = {isa = PBXBuildFile; fileRef = C69943222CBEFC78009E6326 /* Metrics-Constants.swift */; };
		C69943472CBEFC78009E6326 /* Text-Constants.swift in Sources */ = {isa = PBXBuildFile; fileRef = C69943242CBEFC78009E6326 /* Text-Constants.swift */; };
		C69943492CBEFC78009E6326 /* SplashViewController.swift in Sources */ = {isa = PBXBuildFile; fileRef = C69943302CBEFC78009E6326 /* SplashViewController.swift */; };
		C699434B2CBEFC78009E6326 /* SplashView.swift in Sources */ = {isa = PBXBuildFile; fileRef = C699432F2CBEFC78009E6326 /* SplashView.swift */; };
		C699434C2CBEFC78009E6326 /* Assets.xcassets in Resources */ = {isa = PBXBuildFile; fileRef = C699431C2CBEFC78009E6326 /* Assets.xcassets */; };
		C699434D2CBEFC78009E6326 /* Localizable.strings in Resources */ = {isa = PBXBuildFile; fileRef = C699431E2CBEFC78009E6326 /* Localizable.strings */; };
		C699434E2CBEFC78009E6326 /* Info.plist in Resources */ = {isa = PBXBuildFile; fileRef = C69943352CBEFC78009E6326 /* Info.plist */; };
		C699434F2CBEFC78009E6326 /* Assets.xcassets in Resources */ = {isa = PBXBuildFile; fileRef = C699431C2CBEFC78009E6326 /* Assets.xcassets */; };
		C69943502CBEFC78009E6326 /* Localizable.strings in Resources */ = {isa = PBXBuildFile; fileRef = C699431E2CBEFC78009E6326 /* Localizable.strings */; };
		C69943522CBEFC78009E6326 /* LoginBottomSheetViewController.swift in Sources */ = {isa = PBXBuildFile; fileRef = C699432C2CBEFC78009E6326 /* LoginBottomSheetViewController.swift */; };
		C69943532CBEFC78009E6326 /* String+Ext.swift in Sources */ = {isa = PBXBuildFile; fileRef = C69943272CBEFC78009E6326 /* String+Ext.swift */; };
		C69943542CBEFC78009E6326 /* LoginBottomSheetView.swift in Sources */ = {isa = PBXBuildFile; fileRef = C699432B2CBEFC78009E6326 /* LoginBottomSheetView.swift */; };
		C69943552CBEFC78009E6326 /* SceneDelegate.swift in Sources */ = {isa = PBXBuildFile; fileRef = C69943362CBEFC78009E6326 /* SceneDelegate.swift */; };
		C69943562CBEFC78009E6326 /* Colors-Constants.swift in Sources */ = {isa = PBXBuildFile; fileRef = C69943202CBEFC78009E6326 /* Colors-Constants.swift */; };
		C69943572CBEFC78009E6326 /* AppDelegate.swift in Sources */ = {isa = PBXBuildFile; fileRef = C69943342CBEFC78009E6326 /* AppDelegate.swift */; };
		C69943582CBEFC78009E6326 /* LoginBottomSheetViewDelegate.swift in Sources */ = {isa = PBXBuildFile; fileRef = C699432D2CBEFC78009E6326 /* LoginBottomSheetViewDelegate.swift */; };
		C699435A2CBEFC78009E6326 /* LoginBottomSheetViewModel.swift in Sources */ = {isa = PBXBuildFile; fileRef = C69943292CBEFC78009E6326 /* LoginBottomSheetViewModel.swift */; };
		C699435B2CBEFC78009E6326 /* Metrics-Constants.swift in Sources */ = {isa = PBXBuildFile; fileRef = C69943222CBEFC78009E6326 /* Metrics-Constants.swift */; };
		C699435C2CBEFC78009E6326 /* Text-Constants.swift in Sources */ = {isa = PBXBuildFile; fileRef = C69943242CBEFC78009E6326 /* Text-Constants.swift */; };
		C699435E2CBEFC78009E6326 /* SplashViewController.swift in Sources */ = {isa = PBXBuildFile; fileRef = C69943302CBEFC78009E6326 /* SplashViewController.swift */; };
		C69943602CBEFC78009E6326 /* SplashView.swift in Sources */ = {isa = PBXBuildFile; fileRef = C699432F2CBEFC78009E6326 /* SplashView.swift */; };
		C69943612CBEFC78009E6326 /* LoginBottomSheetViewController.swift in Sources */ = {isa = PBXBuildFile; fileRef = C699432C2CBEFC78009E6326 /* LoginBottomSheetViewController.swift */; };
		C69943622CBEFC78009E6326 /* String+Ext.swift in Sources */ = {isa = PBXBuildFile; fileRef = C69943272CBEFC78009E6326 /* String+Ext.swift */; };
		C69943632CBEFC78009E6326 /* LoginBottomSheetView.swift in Sources */ = {isa = PBXBuildFile; fileRef = C699432B2CBEFC78009E6326 /* LoginBottomSheetView.swift */; };
		C69943642CBEFC78009E6326 /* SceneDelegate.swift in Sources */ = {isa = PBXBuildFile; fileRef = C69943362CBEFC78009E6326 /* SceneDelegate.swift */; };
		C69943652CBEFC78009E6326 /* Colors-Constants.swift in Sources */ = {isa = PBXBuildFile; fileRef = C69943202CBEFC78009E6326 /* Colors-Constants.swift */; };
		C69943662CBEFC78009E6326 /* AppDelegate.swift in Sources */ = {isa = PBXBuildFile; fileRef = C69943342CBEFC78009E6326 /* AppDelegate.swift */; };
		C69943672CBEFC78009E6326 /* LoginBottomSheetViewDelegate.swift in Sources */ = {isa = PBXBuildFile; fileRef = C699432D2CBEFC78009E6326 /* LoginBottomSheetViewDelegate.swift */; };
		C69943692CBEFC78009E6326 /* LoginBottomSheetViewModel.swift in Sources */ = {isa = PBXBuildFile; fileRef = C69943292CBEFC78009E6326 /* LoginBottomSheetViewModel.swift */; };
		C699436A2CBEFC78009E6326 /* Metrics-Constants.swift in Sources */ = {isa = PBXBuildFile; fileRef = C69943222CBEFC78009E6326 /* Metrics-Constants.swift */; };
		C699436B2CBEFC78009E6326 /* Text-Constants.swift in Sources */ = {isa = PBXBuildFile; fileRef = C69943242CBEFC78009E6326 /* Text-Constants.swift */; };
		C699436D2CBEFC78009E6326 /* SplashViewController.swift in Sources */ = {isa = PBXBuildFile; fileRef = C69943302CBEFC78009E6326 /* SplashViewController.swift */; };
		C699436F2CBEFC78009E6326 /* SplashView.swift in Sources */ = {isa = PBXBuildFile; fileRef = C699432F2CBEFC78009E6326 /* SplashView.swift */; };
		C69943702CBEFC78009E6326 /* Assets.xcassets in Resources */ = {isa = PBXBuildFile; fileRef = C699431C2CBEFC78009E6326 /* Assets.xcassets */; };
		C69943712CBEFC78009E6326 /* Localizable.strings in Resources */ = {isa = PBXBuildFile; fileRef = C699431E2CBEFC78009E6326 /* Localizable.strings */; };
		C69943722CBEFC78009E6326 /* Info.plist in Resources */ = {isa = PBXBuildFile; fileRef = C69943352CBEFC78009E6326 /* Info.plist */; };
/* End PBXBuildFile section */

/* Begin PBXContainerItemProxy section */
		C62ACC9C2CB17D9D00E2B32F /* PBXContainerItemProxy */ = {
			isa = PBXContainerItemProxy;
			containerPortal = C62ACC7D2CB17D9B00E2B32F /* Project object */;
			proxyType = 1;
			remoteGlobalIDString = C62ACC842CB17D9B00E2B32F;
			remoteInfo = Reminder;
		};
		C62ACCA62CB17D9D00E2B32F /* PBXContainerItemProxy */ = {
			isa = PBXContainerItemProxy;
			containerPortal = C62ACC7D2CB17D9B00E2B32F /* Project object */;
			proxyType = 1;
			remoteGlobalIDString = C62ACC842CB17D9B00E2B32F;
			remoteInfo = Reminder;
		};
/* End PBXContainerItemProxy section */

/* Begin PBXFileReference section */
		1545B311EC8F6B27DF8F5AD3 /* Pods-Reminder-ReminderUITests.debug.xcconfig */ = {isa = PBXFileReference; includeInIndex = 1; lastKnownFileType = text.xcconfig; name = "Pods-Reminder-ReminderUITests.debug.xcconfig"; path = "Target Support Files/Pods-Reminder-ReminderUITests/Pods-Reminder-ReminderUITests.debug.xcconfig"; sourceTree = "<group>"; };
		3FC7B57911D2E3F3FB25AE33 /* Pods-Reminder-ReminderUITests.release.xcconfig */ = {isa = PBXFileReference; includeInIndex = 1; lastKnownFileType = text.xcconfig; name = "Pods-Reminder-ReminderUITests.release.xcconfig"; path = "Target Support Files/Pods-Reminder-ReminderUITests/Pods-Reminder-ReminderUITests.release.xcconfig"; sourceTree = "<group>"; };
		504DDBCEAD45313FB14C44C8 /* Pods-Reminder.debug.xcconfig */ = {isa = PBXFileReference; includeInIndex = 1; lastKnownFileType = text.xcconfig; name = "Pods-Reminder.debug.xcconfig"; path = "Target Support Files/Pods-Reminder/Pods-Reminder.debug.xcconfig"; sourceTree = "<group>"; };
		5D9CD5DD89D0B7C6EC0ED99E /* Pods-Reminder.release.xcconfig */ = {isa = PBXFileReference; includeInIndex = 1; lastKnownFileType = text.xcconfig; name = "Pods-Reminder.release.xcconfig"; path = "Target Support Files/Pods-Reminder/Pods-Reminder.release.xcconfig"; sourceTree = "<group>"; };
		C61656362CBF0DB500F828F3 /* GoogleService-Info.plist */ = {isa = PBXFileReference; lastKnownFileType = text.plist.xml; path = "GoogleService-Info.plist"; sourceTree = "<group>"; };
		C61656392CC31AEF00F828F3 /* ReminderFlowController.swift */ = {isa = PBXFileReference; lastKnownFileType = sourcecode.swift; path = ReminderFlowController.swift; sourceTree = "<group>"; };
		C616564B2CC31B5500F828F3 /* FirebaseAppCheckInterop.framework */ = {isa = PBXFileReference; lastKnownFileType = wrapper.framework; path = FirebaseAppCheckInterop.framework; sourceTree = BUILT_PRODUCTS_DIR; };
		C616564C2CC31B5500F828F3 /* FirebaseAuth.framework */ = {isa = PBXFileReference; lastKnownFileType = wrapper.framework; path = FirebaseAuth.framework; sourceTree = BUILT_PRODUCTS_DIR; };
		C616564D2CC31B5500F828F3 /* FirebaseAuthInterop.framework */ = {isa = PBXFileReference; lastKnownFileType = wrapper.framework; path = FirebaseAuthInterop.framework; sourceTree = BUILT_PRODUCTS_DIR; };
		C616564E2CC31B5500F828F3 /* FirebaseCore.framework */ = {isa = PBXFileReference; lastKnownFileType = wrapper.framework; path = FirebaseCore.framework; sourceTree = BUILT_PRODUCTS_DIR; };
		C616564F2CC31B5500F828F3 /* FirebaseCoreExtension.framework */ = {isa = PBXFileReference; lastKnownFileType = wrapper.framework; path = FirebaseCoreExtension.framework; sourceTree = BUILT_PRODUCTS_DIR; };
		C61656502CC31B5500F828F3 /* FirebaseCoreInternal.framework */ = {isa = PBXFileReference; lastKnownFileType = wrapper.framework; path = FirebaseCoreInternal.framework; sourceTree = BUILT_PRODUCTS_DIR; };
		C61656512CC31B5500F828F3 /* GoogleUtilities.framework */ = {isa = PBXFileReference; lastKnownFileType = wrapper.framework; path = GoogleUtilities.framework; sourceTree = BUILT_PRODUCTS_DIR; };
		C61656522CC31B5500F828F3 /* GTMSessionFetcher.framework */ = {isa = PBXFileReference; lastKnownFileType = wrapper.framework; path = GTMSessionFetcher.framework; sourceTree = BUILT_PRODUCTS_DIR; };
		C61656532CC31B5500F828F3 /* RecaptchaInterop.framework */ = {isa = PBXFileReference; lastKnownFileType = wrapper.framework; path = RecaptchaInterop.framework; sourceTree = BUILT_PRODUCTS_DIR; };
		C61656542CC31B5500F828F3 /* Testing.framework */ = {isa = PBXFileReference; lastKnownFileType = wrapper.framework; name = Testing.framework; path = Platforms/iPhoneOS.platform/Developer/Library/Frameworks/Testing.framework; sourceTree = DEVELOPER_DIR; };
		C61656552CC31B5500F828F3 /* Pods_Reminder.framework */ = {isa = PBXFileReference; lastKnownFileType = wrapper.framework; path = Pods_Reminder.framework; sourceTree = BUILT_PRODUCTS_DIR; };
		C61656562CC31B5500F828F3 /* Pods_Reminder_ReminderUITests.framework */ = {isa = PBXFileReference; lastKnownFileType = wrapper.framework; path = Pods_Reminder_ReminderUITests.framework; sourceTree = BUILT_PRODUCTS_DIR; };
		C61656572CC31B5500F828F3 /* Pods_ReminderTests.framework */ = {isa = PBXFileReference; lastKnownFileType = wrapper.framework; path = Pods_ReminderTests.framework; sourceTree = BUILT_PRODUCTS_DIR; };
		C61656592CC31EC300F828F3 /* LoginBottomSheetFlowDelegate.swift */ = {isa = PBXFileReference; lastKnownFileType = sourcecode.swift; path = LoginBottomSheetFlowDelegate.swift; sourceTree = "<group>"; };
		C62ACC852CB17D9C00E2B32F /* Reminder.app */ = {isa = PBXFileReference; explicitFileType = wrapper.application; includeInIndex = 0; path = Reminder.app; sourceTree = BUILT_PRODUCTS_DIR; };
		C62ACC9B2CB17D9D00E2B32F /* ReminderTests.xctest */ = {isa = PBXFileReference; explicitFileType = wrapper.cfbundle; includeInIndex = 0; path = ReminderTests.xctest; sourceTree = BUILT_PRODUCTS_DIR; };
		C62ACCA52CB17D9D00E2B32F /* ReminderUITests.xctest */ = {isa = PBXFileReference; explicitFileType = wrapper.cfbundle; includeInIndex = 0; path = ReminderUITests.xctest; sourceTree = BUILT_PRODUCTS_DIR; };
		C699431C2CBEFC78009E6326 /* Assets.xcassets */ = {isa = PBXFileReference; lastKnownFileType = folder.assetcatalog; path = Assets.xcassets; sourceTree = "<group>"; };
		C699431D2CBEFC78009E6326 /* en */ = {isa = PBXFileReference; lastKnownFileType = text.plist.strings; name = en; path = en.lproj/Localizable.strings; sourceTree = "<group>"; };
		C69943202CBEFC78009E6326 /* Colors-Constants.swift */ = {isa = PBXFileReference; lastKnownFileType = sourcecode.swift; path = "Colors-Constants.swift"; sourceTree = "<group>"; };
		C69943222CBEFC78009E6326 /* Metrics-Constants.swift */ = {isa = PBXFileReference; lastKnownFileType = sourcecode.swift; path = "Metrics-Constants.swift"; sourceTree = "<group>"; };
		C69943242CBEFC78009E6326 /* Text-Constants.swift */ = {isa = PBXFileReference; lastKnownFileType = sourcecode.swift; path = "Text-Constants.swift"; sourceTree = "<group>"; };
		C69943272CBEFC78009E6326 /* String+Ext.swift */ = {isa = PBXFileReference; lastKnownFileType = sourcecode.swift; path = "String+Ext.swift"; sourceTree = "<group>"; };
		C69943292CBEFC78009E6326 /* LoginBottomSheetViewModel.swift */ = {isa = PBXFileReference; lastKnownFileType = sourcecode.swift; path = LoginBottomSheetViewModel.swift; sourceTree = "<group>"; };
		C699432B2CBEFC78009E6326 /* LoginBottomSheetView.swift */ = {isa = PBXFileReference; lastKnownFileType = sourcecode.swift; path = LoginBottomSheetView.swift; sourceTree = "<group>"; };
		C699432C2CBEFC78009E6326 /* LoginBottomSheetViewController.swift */ = {isa = PBXFileReference; lastKnownFileType = sourcecode.swift; path = LoginBottomSheetViewController.swift; sourceTree = "<group>"; };
		C699432D2CBEFC78009E6326 /* LoginBottomSheetViewDelegate.swift */ = {isa = PBXFileReference; lastKnownFileType = sourcecode.swift; path = LoginBottomSheetViewDelegate.swift; sourceTree = "<group>"; };
		C699432F2CBEFC78009E6326 /* SplashView.swift */ = {isa = PBXFileReference; lastKnownFileType = sourcecode.swift; path = SplashView.swift; sourceTree = "<group>"; };
		C69943302CBEFC78009E6326 /* SplashViewController.swift */ = {isa = PBXFileReference; lastKnownFileType = sourcecode.swift; path = SplashViewController.swift; sourceTree = "<group>"; };
		C69943342CBEFC78009E6326 /* AppDelegate.swift */ = {isa = PBXFileReference; lastKnownFileType = sourcecode.swift; path = AppDelegate.swift; sourceTree = "<group>"; };
		C69943352CBEFC78009E6326 /* Info.plist */ = {isa = PBXFileReference; lastKnownFileType = text.plist.xml; path = Info.plist; sourceTree = "<group>"; };
		C69943362CBEFC78009E6326 /* SceneDelegate.swift */ = {isa = PBXFileReference; lastKnownFileType = sourcecode.swift; path = SceneDelegate.swift; sourceTree = "<group>"; };
		C9586906A8F77810DEFF5FDC /* Pods-ReminderTests.debug.xcconfig */ = {isa = PBXFileReference; includeInIndex = 1; lastKnownFileType = text.xcconfig; name = "Pods-ReminderTests.debug.xcconfig"; path = "Target Support Files/Pods-ReminderTests/Pods-ReminderTests.debug.xcconfig"; sourceTree = "<group>"; };
		FBCEE53A8EC6E20662B4216E /* Pods-ReminderTests.release.xcconfig */ = {isa = PBXFileReference; includeInIndex = 1; lastKnownFileType = text.xcconfig; name = "Pods-ReminderTests.release.xcconfig"; path = "Target Support Files/Pods-ReminderTests/Pods-ReminderTests.release.xcconfig"; sourceTree = "<group>"; };
/* End PBXFileReference section */

/* Begin PBXFrameworksBuildPhase section */
		C62ACC822CB17D9B00E2B32F /* Frameworks */ = {
			isa = PBXFrameworksBuildPhase;
			buildActionMask = 2147483647;
			files = (
			);
			runOnlyForDeploymentPostprocessing = 0;
		};
		C62ACC982CB17D9D00E2B32F /* Frameworks */ = {
			isa = PBXFrameworksBuildPhase;
			buildActionMask = 2147483647;
			files = (
			);
			runOnlyForDeploymentPostprocessing = 0;
		};
		C62ACCA22CB17D9D00E2B32F /* Frameworks */ = {
			isa = PBXFrameworksBuildPhase;
			buildActionMask = 2147483647;
			files = (
			);
			runOnlyForDeploymentPostprocessing = 0;
		};
/* End PBXFrameworksBuildPhase section */

/* Begin PBXGroup section */
		47058ED06848452354320786 /* Pods */ = {
			isa = PBXGroup;
			children = (
				504DDBCEAD45313FB14C44C8 /* Pods-Reminder.debug.xcconfig */,
				5D9CD5DD89D0B7C6EC0ED99E /* Pods-Reminder.release.xcconfig */,
				1545B311EC8F6B27DF8F5AD3 /* Pods-Reminder-ReminderUITests.debug.xcconfig */,
				3FC7B57911D2E3F3FB25AE33 /* Pods-Reminder-ReminderUITests.release.xcconfig */,
				C9586906A8F77810DEFF5FDC /* Pods-ReminderTests.debug.xcconfig */,
				FBCEE53A8EC6E20662B4216E /* Pods-ReminderTests.release.xcconfig */,
			);
			path = Pods;
			sourceTree = "<group>";
		};
		C61656582CC31B5500F828F3 /* Frameworks */ = {
			isa = PBXGroup;
			children = (
				C616564B2CC31B5500F828F3 /* FirebaseAppCheckInterop.framework */,
				C616564C2CC31B5500F828F3 /* FirebaseAuth.framework */,
				C616564D2CC31B5500F828F3 /* FirebaseAuthInterop.framework */,
				C616564E2CC31B5500F828F3 /* FirebaseCore.framework */,
				C616564F2CC31B5500F828F3 /* FirebaseCoreExtension.framework */,
				C61656502CC31B5500F828F3 /* FirebaseCoreInternal.framework */,
				C61656512CC31B5500F828F3 /* GoogleUtilities.framework */,
				C61656522CC31B5500F828F3 /* GTMSessionFetcher.framework */,
				C61656532CC31B5500F828F3 /* RecaptchaInterop.framework */,
				C61656542CC31B5500F828F3 /* Testing.framework */,
				C61656552CC31B5500F828F3 /* Pods_Reminder.framework */,
				C61656562CC31B5500F828F3 /* Pods_Reminder_ReminderUITests.framework */,
				C61656572CC31B5500F828F3 /* Pods_ReminderTests.framework */,
			);
			name = Frameworks;
			sourceTree = "<group>";
		};
		C62ACC7C2CB17D9B00E2B32F = {
			isa = PBXGroup;
			children = (
				C69943372CBEFC78009E6326 /* Reminder */,
				C62ACC862CB17D9C00E2B32F /* Products */,
				47058ED06848452354320786 /* Pods */,
				C61656582CC31B5500F828F3 /* Frameworks */,
			);
			sourceTree = "<group>";
		};
		C62ACC862CB17D9C00E2B32F /* Products */ = {
			isa = PBXGroup;
			children = (
				C62ACC852CB17D9C00E2B32F /* Reminder.app */,
				C62ACC9B2CB17D9D00E2B32F /* ReminderTests.xctest */,
				C62ACCA52CB17D9D00E2B32F /* ReminderUITests.xctest */,
			);
			name = Products;
			sourceTree = "<group>";
		};
		C699431F2CBEFC78009E6326 /* Resources */ = {
			isa = PBXGroup;
			children = (
				C699431C2CBEFC78009E6326 /* Assets.xcassets */,
				C699431E2CBEFC78009E6326 /* Localizable.strings */,
			);
			path = Resources;
			sourceTree = "<group>";
		};
		C69943212CBEFC78009E6326 /* Colors */ = {
			isa = PBXGroup;
			children = (
				C69943202CBEFC78009E6326 /* Colors-Constants.swift */,
			);
			path = Colors;
			sourceTree = "<group>";
		};
		C69943232CBEFC78009E6326 /* Metrics */ = {
			isa = PBXGroup;
			children = (
				C69943222CBEFC78009E6326 /* Metrics-Constants.swift */,
			);
			path = Metrics;
			sourceTree = "<group>";
		};
		C69943252CBEFC78009E6326 /* Text */ = {
			isa = PBXGroup;
			children = (
				C69943242CBEFC78009E6326 /* Text-Constants.swift */,
			);
			path = Text;
			sourceTree = "<group>";
		};
		C69943262CBEFC78009E6326 /* Constants */ = {
			isa = PBXGroup;
			children = (
				C69943212CBEFC78009E6326 /* Colors */,
				C69943232CBEFC78009E6326 /* Metrics */,
				C69943252CBEFC78009E6326 /* Text */,
			);
			path = Constants;
			sourceTree = "<group>";
		};
		C69943282CBEFC78009E6326 /* Extensions */ = {
			isa = PBXGroup;
			children = (
				C69943272CBEFC78009E6326 /* String+Ext.swift */,
			);
			path = Extensions;
			sourceTree = "<group>";
		};
		C699432A2CBEFC78009E6326 /* ViewModel */ = {
			isa = PBXGroup;
			children = (
				C69943292CBEFC78009E6326 /* LoginBottomSheetViewModel.swift */,
				C61656592CC31EC300F828F3 /* LoginBottomSheetFlowDelegate.swift */,
			);
			path = ViewModel;
			sourceTree = "<group>";
		};
		C699432E2CBEFC78009E6326 /* LoginBottomSheet */ = {
			isa = PBXGroup;
			children = (
				C699432A2CBEFC78009E6326 /* ViewModel */,
				C699432B2CBEFC78009E6326 /* LoginBottomSheetView.swift */,
				C699432C2CBEFC78009E6326 /* LoginBottomSheetViewController.swift */,
				C699432D2CBEFC78009E6326 /* LoginBottomSheetViewDelegate.swift */,
			);
			path = LoginBottomSheet;
			sourceTree = "<group>";
		};
		C69943312CBEFC78009E6326 /* Splash */ = {
			isa = PBXGroup;
			children = (
				C699432F2CBEFC78009E6326 /* SplashView.swift */,
				C69943302CBEFC78009E6326 /* SplashViewController.swift */,
			);
			path = Splash;
			sourceTree = "<group>";
		};
		C69943322CBEFC78009E6326 /* Features */ = {
			isa = PBXGroup;
			children = (
				C69943262CBEFC78009E6326 /* Constants */,
				C69943282CBEFC78009E6326 /* Extensions */,
				C699432E2CBEFC78009E6326 /* LoginBottomSheet */,
				C69943312CBEFC78009E6326 /* Splash */,
			);
			path = Features;
			sourceTree = "<group>";
		};
		C69943332CBEFC78009E6326 /* Sources */ = {
			isa = PBXGroup;
			children = (
				C69943322CBEFC78009E6326 /* Features */,
			);
			path = Sources;
			sourceTree = "<group>";
		};
		C69943372CBEFC78009E6326 /* Reminder */ = {
			isa = PBXGroup;
			children = (
				C61656362CBF0DB500F828F3 /* GoogleService-Info.plist */,
				C699431F2CBEFC78009E6326 /* Resources */,
				C69943332CBEFC78009E6326 /* Sources */,
				C69943342CBEFC78009E6326 /* AppDelegate.swift */,
				C69943362CBEFC78009E6326 /* SceneDelegate.swift */,
				C61656392CC31AEF00F828F3 /* ReminderFlowController.swift */,
				C69943352CBEFC78009E6326 /* Info.plist */,
			);
			path = Reminder;
			sourceTree = "<group>";
		};
/* End PBXGroup section */

/* Begin PBXNativeTarget section */
		C62ACC842CB17D9B00E2B32F /* Reminder */ = {
			isa = PBXNativeTarget;
			buildConfigurationList = C62ACCAE2CB17D9D00E2B32F /* Build configuration list for PBXNativeTarget "Reminder" */;
			buildPhases = (
				80E498AEC4A419C481F795A1 /* [CP] Check Pods Manifest.lock */,
				C62ACC812CB17D9B00E2B32F /* Sources */,
				C62ACC822CB17D9B00E2B32F /* Frameworks */,
				C62ACC832CB17D9B00E2B32F /* Resources */,
				40BDFF692C4C6CD35D0B5C02 /* [CP] Embed Pods Frameworks */,
			);
			buildRules = (
			);
			dependencies = (
			);
			name = Reminder;
			productName = Reminder;
			productReference = C62ACC852CB17D9C00E2B32F /* Reminder.app */;
			productType = "com.apple.product-type.application";
		};
		C62ACC9A2CB17D9D00E2B32F /* ReminderTests */ = {
			isa = PBXNativeTarget;
			buildConfigurationList = C62ACCB32CB17D9D00E2B32F /* Build configuration list for PBXNativeTarget "ReminderTests" */;
			buildPhases = (
				6B8C1C237E66D711606578BC /* [CP] Check Pods Manifest.lock */,
				C62ACC972CB17D9D00E2B32F /* Sources */,
				C62ACC982CB17D9D00E2B32F /* Frameworks */,
				C62ACC992CB17D9D00E2B32F /* Resources */,
			);
			buildRules = (
			);
			dependencies = (
				C62ACC9D2CB17D9D00E2B32F /* PBXTargetDependency */,
			);
			name = ReminderTests;
			productName = ReminderTests;
			productReference = C62ACC9B2CB17D9D00E2B32F /* ReminderTests.xctest */;
			productType = "com.apple.product-type.bundle.unit-test";
		};
		C62ACCA42CB17D9D00E2B32F /* ReminderUITests */ = {
			isa = PBXNativeTarget;
			buildConfigurationList = C62ACCB62CB17D9D00E2B32F /* Build configuration list for PBXNativeTarget "ReminderUITests" */;
			buildPhases = (
				F239F9355462D78CAD941ADE /* [CP] Check Pods Manifest.lock */,
				C62ACCA12CB17D9D00E2B32F /* Sources */,
				C62ACCA22CB17D9D00E2B32F /* Frameworks */,
				C62ACCA32CB17D9D00E2B32F /* Resources */,
				146322D507BCC804C1F91897 /* [CP] Embed Pods Frameworks */,
			);
			buildRules = (
			);
			dependencies = (
				C62ACCA72CB17D9D00E2B32F /* PBXTargetDependency */,
			);
			name = ReminderUITests;
			productName = ReminderUITests;
			productReference = C62ACCA52CB17D9D00E2B32F /* ReminderUITests.xctest */;
			productType = "com.apple.product-type.bundle.ui-testing";
		};
/* End PBXNativeTarget section */

/* Begin PBXProject section */
		C62ACC7D2CB17D9B00E2B32F /* Project object */ = {
			isa = PBXProject;
			attributes = {
				BuildIndependentTargetsInParallel = 1;
				LastSwiftUpdateCheck = 1600;
				LastUpgradeCheck = 1600;
				TargetAttributes = {
					C62ACC842CB17D9B00E2B32F = {
						CreatedOnToolsVersion = 16.0;
					};
					C62ACC9A2CB17D9D00E2B32F = {
						CreatedOnToolsVersion = 16.0;
						TestTargetID = C62ACC842CB17D9B00E2B32F;
					};
					C62ACCA42CB17D9D00E2B32F = {
						CreatedOnToolsVersion = 16.0;
						TestTargetID = C62ACC842CB17D9B00E2B32F;
					};
				};
			};
			buildConfigurationList = C62ACC802CB17D9B00E2B32F /* Build configuration list for PBXProject "Reminder" */;
			compatibilityVersion = "Xcode 15.3";
			developmentRegion = en;
			hasScannedForEncodings = 0;
			knownRegions = (
				en,
				Base,
			);
			mainGroup = C62ACC7C2CB17D9B00E2B32F;
			minimizedProjectReferenceProxies = 1;
			productRefGroup = C62ACC862CB17D9C00E2B32F /* Products */;
			projectDirPath = "";
			projectRoot = "";
			targets = (
				C62ACC842CB17D9B00E2B32F /* Reminder */,
				C62ACC9A2CB17D9D00E2B32F /* ReminderTests */,
				C62ACCA42CB17D9D00E2B32F /* ReminderUITests */,
			);
		};
/* End PBXProject section */

/* Begin PBXResourcesBuildPhase section */
		C62ACC832CB17D9B00E2B32F /* Resources */ = {
			isa = PBXResourcesBuildPhase;
			buildActionMask = 2147483647;
			files = (
				C61656372CBF0DB500F828F3 /* GoogleService-Info.plist in Resources */,
				C699434F2CBEFC78009E6326 /* Assets.xcassets in Resources */,
				C69943502CBEFC78009E6326 /* Localizable.strings in Resources */,
			);
			runOnlyForDeploymentPostprocessing = 0;
		};
		C62ACC992CB17D9D00E2B32F /* Resources */ = {
			isa = PBXResourcesBuildPhase;
			buildActionMask = 2147483647;
			files = (
				C69943702CBEFC78009E6326 /* Assets.xcassets in Resources */,
				C69943712CBEFC78009E6326 /* Localizable.strings in Resources */,
				C69943722CBEFC78009E6326 /* Info.plist in Resources */,
			);
			runOnlyForDeploymentPostprocessing = 0;
		};
		C62ACCA32CB17D9D00E2B32F /* Resources */ = {
			isa = PBXResourcesBuildPhase;
			buildActionMask = 2147483647;
			files = (
				C699434C2CBEFC78009E6326 /* Assets.xcassets in Resources */,
				C699434D2CBEFC78009E6326 /* Localizable.strings in Resources */,
				C699434E2CBEFC78009E6326 /* Info.plist in Resources */,
			);
			runOnlyForDeploymentPostprocessing = 0;
		};
/* End PBXResourcesBuildPhase section */

/* Begin PBXShellScriptBuildPhase section */
		146322D507BCC804C1F91897 /* [CP] Embed Pods Frameworks */ = {
			isa = PBXShellScriptBuildPhase;
			buildActionMask = 2147483647;
			files = (
			);
			inputFileListPaths = (
				"${PODS_ROOT}/Target Support Files/Pods-Reminder-ReminderUITests/Pods-Reminder-ReminderUITests-frameworks-${CONFIGURATION}-input-files.xcfilelist",
			);
			name = "[CP] Embed Pods Frameworks";
			outputFileListPaths = (
				"${PODS_ROOT}/Target Support Files/Pods-Reminder-ReminderUITests/Pods-Reminder-ReminderUITests-frameworks-${CONFIGURATION}-output-files.xcfilelist",
			);
			runOnlyForDeploymentPostprocessing = 0;
			shellPath = /bin/sh;
			shellScript = "\"${PODS_ROOT}/Target Support Files/Pods-Reminder-ReminderUITests/Pods-Reminder-ReminderUITests-frameworks.sh\"\n";
			showEnvVarsInLog = 0;
		};
		40BDFF692C4C6CD35D0B5C02 /* [CP] Embed Pods Frameworks */ = {
			isa = PBXShellScriptBuildPhase;
			buildActionMask = 2147483647;
			files = (
			);
			inputFileListPaths = (
				"${PODS_ROOT}/Target Support Files/Pods-Reminder/Pods-Reminder-frameworks-${CONFIGURATION}-input-files.xcfilelist",
			);
			name = "[CP] Embed Pods Frameworks";
			outputFileListPaths = (
				"${PODS_ROOT}/Target Support Files/Pods-Reminder/Pods-Reminder-frameworks-${CONFIGURATION}-output-files.xcfilelist",
			);
			runOnlyForDeploymentPostprocessing = 0;
			shellPath = /bin/sh;
			shellScript = "\"${PODS_ROOT}/Target Support Files/Pods-Reminder/Pods-Reminder-frameworks.sh\"\n";
			showEnvVarsInLog = 0;
		};
		6B8C1C237E66D711606578BC /* [CP] Check Pods Manifest.lock */ = {
			isa = PBXShellScriptBuildPhase;
			buildActionMask = 2147483647;
			files = (
			);
			inputFileListPaths = (
			);
			inputPaths = (
				"${PODS_PODFILE_DIR_PATH}/Podfile.lock",
				"${PODS_ROOT}/Manifest.lock",
			);
			name = "[CP] Check Pods Manifest.lock";
			outputFileListPaths = (
			);
			outputPaths = (
				"$(DERIVED_FILE_DIR)/Pods-ReminderTests-checkManifestLockResult.txt",
			);
			runOnlyForDeploymentPostprocessing = 0;
			shellPath = /bin/sh;
			shellScript = "diff \"${PODS_PODFILE_DIR_PATH}/Podfile.lock\" \"${PODS_ROOT}/Manifest.lock\" > /dev/null\nif [ $? != 0 ] ; then\n    # print error to STDERR\n    echo \"error: The sandbox is not in sync with the Podfile.lock. Run 'pod install' or update your CocoaPods installation.\" >&2\n    exit 1\nfi\n# This output is used by Xcode 'outputs' to avoid re-running this script phase.\necho \"SUCCESS\" > \"${SCRIPT_OUTPUT_FILE_0}\"\n";
			showEnvVarsInLog = 0;
		};
		80E498AEC4A419C481F795A1 /* [CP] Check Pods Manifest.lock */ = {
			isa = PBXShellScriptBuildPhase;
			buildActionMask = 2147483647;
			files = (
			);
			inputFileListPaths = (
			);
			inputPaths = (
				"${PODS_PODFILE_DIR_PATH}/Podfile.lock",
				"${PODS_ROOT}/Manifest.lock",
			);
			name = "[CP] Check Pods Manifest.lock";
			outputFileListPaths = (
			);
			outputPaths = (
				"$(DERIVED_FILE_DIR)/Pods-Reminder-checkManifestLockResult.txt",
			);
			runOnlyForDeploymentPostprocessing = 0;
			shellPath = /bin/sh;
			shellScript = "diff \"${PODS_PODFILE_DIR_PATH}/Podfile.lock\" \"${PODS_ROOT}/Manifest.lock\" > /dev/null\nif [ $? != 0 ] ; then\n    # print error to STDERR\n    echo \"error: The sandbox is not in sync with the Podfile.lock. Run 'pod install' or update your CocoaPods installation.\" >&2\n    exit 1\nfi\n# This output is used by Xcode 'outputs' to avoid re-running this script phase.\necho \"SUCCESS\" > \"${SCRIPT_OUTPUT_FILE_0}\"\n";
			showEnvVarsInLog = 0;
		};
		F239F9355462D78CAD941ADE /* [CP] Check Pods Manifest.lock */ = {
			isa = PBXShellScriptBuildPhase;
			buildActionMask = 2147483647;
			files = (
			);
			inputFileListPaths = (
			);
			inputPaths = (
				"${PODS_PODFILE_DIR_PATH}/Podfile.lock",
				"${PODS_ROOT}/Manifest.lock",
			);
			name = "[CP] Check Pods Manifest.lock";
			outputFileListPaths = (
			);
			outputPaths = (
				"$(DERIVED_FILE_DIR)/Pods-Reminder-ReminderUITests-checkManifestLockResult.txt",
			);
			runOnlyForDeploymentPostprocessing = 0;
			shellPath = /bin/sh;
			shellScript = "diff \"${PODS_PODFILE_DIR_PATH}/Podfile.lock\" \"${PODS_ROOT}/Manifest.lock\" > /dev/null\nif [ $? != 0 ] ; then\n    # print error to STDERR\n    echo \"error: The sandbox is not in sync with the Podfile.lock. Run 'pod install' or update your CocoaPods installation.\" >&2\n    exit 1\nfi\n# This output is used by Xcode 'outputs' to avoid re-running this script phase.\necho \"SUCCESS\" > \"${SCRIPT_OUTPUT_FILE_0}\"\n";
			showEnvVarsInLog = 0;
		};
/* End PBXShellScriptBuildPhase section */

/* Begin PBXSourcesBuildPhase section */
		C62ACC812CB17D9B00E2B32F /* Sources */ = {
			isa = PBXSourcesBuildPhase;
			buildActionMask = 2147483647;
			files = (
				C69943522CBEFC78009E6326 /* LoginBottomSheetViewController.swift in Sources */,
				C69943532CBEFC78009E6326 /* String+Ext.swift in Sources */,
				C69943542CBEFC78009E6326 /* LoginBottomSheetView.swift in Sources */,
				C69943552CBEFC78009E6326 /* SceneDelegate.swift in Sources */,
				C69943562CBEFC78009E6326 /* Colors-Constants.swift in Sources */,
				C616565B2CC31EC300F828F3 /* LoginBottomSheetFlowDelegate.swift in Sources */,
				C69943572CBEFC78009E6326 /* AppDelegate.swift in Sources */,
				C69943582CBEFC78009E6326 /* LoginBottomSheetViewDelegate.swift in Sources */,
				C616563A2CC31AEF00F828F3 /* ReminderFlowController.swift in Sources */,
				C699435A2CBEFC78009E6326 /* LoginBottomSheetViewModel.swift in Sources */,
				C699435B2CBEFC78009E6326 /* Metrics-Constants.swift in Sources */,
				C699435C2CBEFC78009E6326 /* Text-Constants.swift in Sources */,
				C699435E2CBEFC78009E6326 /* SplashViewController.swift in Sources */,
				C69943602CBEFC78009E6326 /* SplashView.swift in Sources */,
			);
			runOnlyForDeploymentPostprocessing = 0;
		};
		C62ACC972CB17D9D00E2B32F /* Sources */ = {
			isa = PBXSourcesBuildPhase;
			buildActionMask = 2147483647;
			files = (
				C69943612CBEFC78009E6326 /* LoginBottomSheetViewController.swift in Sources */,
				C69943622CBEFC78009E6326 /* String+Ext.swift in Sources */,
				C69943632CBEFC78009E6326 /* LoginBottomSheetView.swift in Sources */,
				C69943642CBEFC78009E6326 /* SceneDelegate.swift in Sources */,
				C69943652CBEFC78009E6326 /* Colors-Constants.swift in Sources */,
				C616565C2CC31EC300F828F3 /* LoginBottomSheetFlowDelegate.swift in Sources */,
				C69943662CBEFC78009E6326 /* AppDelegate.swift in Sources */,
				C69943672CBEFC78009E6326 /* LoginBottomSheetViewDelegate.swift in Sources */,
				C616563C2CC31AEF00F828F3 /* ReminderFlowController.swift in Sources */,
				C69943692CBEFC78009E6326 /* LoginBottomSheetViewModel.swift in Sources */,
				C699436A2CBEFC78009E6326 /* Metrics-Constants.swift in Sources */,
				C699436B2CBEFC78009E6326 /* Text-Constants.swift in Sources */,
				C699436D2CBEFC78009E6326 /* SplashViewController.swift in Sources */,
				C699436F2CBEFC78009E6326 /* SplashView.swift in Sources */,
			);
			runOnlyForDeploymentPostprocessing = 0;
		};
		C62ACCA12CB17D9D00E2B32F /* Sources */ = {
			isa = PBXSourcesBuildPhase;
			buildActionMask = 2147483647;
			files = (
				C699433D2CBEFC78009E6326 /* LoginBottomSheetViewController.swift in Sources */,
				C699433E2CBEFC78009E6326 /* String+Ext.swift in Sources */,
				C699433F2CBEFC78009E6326 /* LoginBottomSheetView.swift in Sources */,
				C69943402CBEFC78009E6326 /* SceneDelegate.swift in Sources */,
				C69943412CBEFC78009E6326 /* Colors-Constants.swift in Sources */,
				C616565A2CC31EC300F828F3 /* LoginBottomSheetFlowDelegate.swift in Sources */,
				C69943422CBEFC78009E6326 /* AppDelegate.swift in Sources */,
				C69943432CBEFC78009E6326 /* LoginBottomSheetViewDelegate.swift in Sources */,
				C616563B2CC31AEF00F828F3 /* ReminderFlowController.swift in Sources */,
				C69943452CBEFC78009E6326 /* LoginBottomSheetViewModel.swift in Sources */,
				C69943462CBEFC78009E6326 /* Metrics-Constants.swift in Sources */,
				C69943472CBEFC78009E6326 /* Text-Constants.swift in Sources */,
				C69943492CBEFC78009E6326 /* SplashViewController.swift in Sources */,
				C699434B2CBEFC78009E6326 /* SplashView.swift in Sources */,
			);
			runOnlyForDeploymentPostprocessing = 0;
		};
/* End PBXSourcesBuildPhase section */

/* Begin PBXTargetDependency section */
		C62ACC9D2CB17D9D00E2B32F /* PBXTargetDependency */ = {
			isa = PBXTargetDependency;
			target = C62ACC842CB17D9B00E2B32F /* Reminder */;
			targetProxy = C62ACC9C2CB17D9D00E2B32F /* PBXContainerItemProxy */;
		};
		C62ACCA72CB17D9D00E2B32F /* PBXTargetDependency */ = {
			isa = PBXTargetDependency;
			target = C62ACC842CB17D9B00E2B32F /* Reminder */;
			targetProxy = C62ACCA62CB17D9D00E2B32F /* PBXContainerItemProxy */;
		};
/* End PBXTargetDependency section */

/* Begin PBXVariantGroup section */
		C699431E2CBEFC78009E6326 /* Localizable.strings */ = {
			isa = PBXVariantGroup;
			children = (
				C699431D2CBEFC78009E6326 /* en */,
			);
			name = Localizable.strings;
			sourceTree = "<group>";
		};
/* End PBXVariantGroup section */

/* Begin XCBuildConfiguration section */
		C62ACCAF2CB17D9D00E2B32F /* Debug */ = {
			isa = XCBuildConfiguration;
			baseConfigurationReference = 504DDBCEAD45313FB14C44C8 /* Pods-Reminder.debug.xcconfig */;
			buildSettings = {
				ASSETCATALOG_COMPILER_APPICON_NAME = AppIcon;
				ASSETCATALOG_COMPILER_GLOBAL_ACCENT_COLOR_NAME = AccentColor;
				CODE_SIGN_STYLE = Automatic;
				CURRENT_PROJECT_VERSION = 1;
				DEVELOPMENT_TEAM = AVJYPRL2JA;
				GENERATE_INFOPLIST_FILE = YES;
				INFOPLIST_FILE = Reminder/Info.plist;
				INFOPLIST_KEY_UIApplicationSupportsIndirectInputEvents = YES;
				INFOPLIST_KEY_UILaunchStoryboardName = SplashViewController;
				INFOPLIST_KEY_UISupportedInterfaceOrientations_iPad = "UIInterfaceOrientationPortrait UIInterfaceOrientationPortraitUpsideDown UIInterfaceOrientationLandscapeLeft UIInterfaceOrientationLandscapeRight";
				INFOPLIST_KEY_UISupportedInterfaceOrientations_iPhone = "UIInterfaceOrientationPortrait UIInterfaceOrientationLandscapeLeft UIInterfaceOrientationLandscapeRight";
				LD_RUNPATH_SEARCH_PATHS = (
					"$(inherited)",
					"@executable_path/Frameworks",
				);
				MARKETING_VERSION = 1.0;
				PRODUCT_BUNDLE_IDENTIFIER = arthurrios.Reminder;
				PRODUCT_NAME = "$(TARGET_NAME)";
				SWIFT_EMIT_LOC_STRINGS = YES;
				SWIFT_VERSION = 5.0;
				TARGETED_DEVICE_FAMILY = "1,2";
			};
			name = Debug;
		};
		C62ACCB02CB17D9D00E2B32F /* Release */ = {
			isa = XCBuildConfiguration;
			baseConfigurationReference = 5D9CD5DD89D0B7C6EC0ED99E /* Pods-Reminder.release.xcconfig */;
			buildSettings = {
				ASSETCATALOG_COMPILER_APPICON_NAME = AppIcon;
				ASSETCATALOG_COMPILER_GLOBAL_ACCENT_COLOR_NAME = AccentColor;
				CODE_SIGN_STYLE = Automatic;
				CURRENT_PROJECT_VERSION = 1;
				DEVELOPMENT_TEAM = AVJYPRL2JA;
				GENERATE_INFOPLIST_FILE = YES;
				INFOPLIST_FILE = Reminder/Info.plist;
				INFOPLIST_KEY_UIApplicationSupportsIndirectInputEvents = YES;
				INFOPLIST_KEY_UILaunchStoryboardName = SplashViewController;
				INFOPLIST_KEY_UISupportedInterfaceOrientations_iPad = "UIInterfaceOrientationPortrait UIInterfaceOrientationPortraitUpsideDown UIInterfaceOrientationLandscapeLeft UIInterfaceOrientationLandscapeRight";
				INFOPLIST_KEY_UISupportedInterfaceOrientations_iPhone = "UIInterfaceOrientationPortrait UIInterfaceOrientationLandscapeLeft UIInterfaceOrientationLandscapeRight";
				LD_RUNPATH_SEARCH_PATHS = (
					"$(inherited)",
					"@executable_path/Frameworks",
				);
				MARKETING_VERSION = 1.0;
				PRODUCT_BUNDLE_IDENTIFIER = arthurrios.Reminder;
				PRODUCT_NAME = "$(TARGET_NAME)";
				SWIFT_EMIT_LOC_STRINGS = YES;
				SWIFT_VERSION = 5.0;
				TARGETED_DEVICE_FAMILY = "1,2";
			};
			name = Release;
		};
		C62ACCB12CB17D9D00E2B32F /* Debug */ = {
			isa = XCBuildConfiguration;
			buildSettings = {
				ALWAYS_SEARCH_USER_PATHS = NO;
				ASSETCATALOG_COMPILER_GENERATE_SWIFT_ASSET_SYMBOL_EXTENSIONS = YES;
				CLANG_ANALYZER_NONNULL = YES;
				CLANG_ANALYZER_NUMBER_OBJECT_CONVERSION = YES_AGGRESSIVE;
				CLANG_CXX_LANGUAGE_STANDARD = "gnu++20";
				CLANG_ENABLE_MODULES = YES;
				CLANG_ENABLE_OBJC_ARC = YES;
				CLANG_ENABLE_OBJC_WEAK = YES;
				CLANG_WARN_BLOCK_CAPTURE_AUTORELEASING = YES;
				CLANG_WARN_BOOL_CONVERSION = YES;
				CLANG_WARN_COMMA = YES;
				CLANG_WARN_CONSTANT_CONVERSION = YES;
				CLANG_WARN_DEPRECATED_OBJC_IMPLEMENTATIONS = YES;
				CLANG_WARN_DIRECT_OBJC_ISA_USAGE = YES_ERROR;
				CLANG_WARN_DOCUMENTATION_COMMENTS = YES;
				CLANG_WARN_EMPTY_BODY = YES;
				CLANG_WARN_ENUM_CONVERSION = YES;
				CLANG_WARN_INFINITE_RECURSION = YES;
				CLANG_WARN_INT_CONVERSION = YES;
				CLANG_WARN_NON_LITERAL_NULL_CONVERSION = YES;
				CLANG_WARN_OBJC_IMPLICIT_RETAIN_SELF = YES;
				CLANG_WARN_OBJC_LITERAL_CONVERSION = YES;
				CLANG_WARN_OBJC_ROOT_CLASS = YES_ERROR;
				CLANG_WARN_QUOTED_INCLUDE_IN_FRAMEWORK_HEADER = YES;
				CLANG_WARN_RANGE_LOOP_ANALYSIS = YES;
				CLANG_WARN_STRICT_PROTOTYPES = YES;
				CLANG_WARN_SUSPICIOUS_MOVE = YES;
				CLANG_WARN_UNGUARDED_AVAILABILITY = YES_AGGRESSIVE;
				CLANG_WARN_UNREACHABLE_CODE = YES;
				CLANG_WARN__DUPLICATE_METHOD_MATCH = YES;
				COPY_PHASE_STRIP = NO;
				DEBUG_INFORMATION_FORMAT = dwarf;
				ENABLE_STRICT_OBJC_MSGSEND = YES;
				ENABLE_TESTABILITY = YES;
				ENABLE_USER_SCRIPT_SANDBOXING = NO;
				GCC_C_LANGUAGE_STANDARD = gnu17;
				GCC_DYNAMIC_NO_PIC = NO;
				GCC_NO_COMMON_BLOCKS = YES;
				GCC_OPTIMIZATION_LEVEL = 0;
				GCC_PREPROCESSOR_DEFINITIONS = (
					"DEBUG=1",
					"$(inherited)",
				);
				GCC_WARN_64_TO_32_BIT_CONVERSION = YES;
				GCC_WARN_ABOUT_RETURN_TYPE = YES_ERROR;
				GCC_WARN_UNDECLARED_SELECTOR = YES;
				GCC_WARN_UNINITIALIZED_AUTOS = YES_AGGRESSIVE;
				GCC_WARN_UNUSED_FUNCTION = YES;
				GCC_WARN_UNUSED_VARIABLE = YES;
				IPHONEOS_DEPLOYMENT_TARGET = 18.0;
				LOCALIZATION_PREFERS_STRING_CATALOGS = YES;
				MTL_ENABLE_DEBUG_INFO = INCLUDE_SOURCE;
				MTL_FAST_MATH = YES;
				ONLY_ACTIVE_ARCH = YES;
				SDKROOT = iphoneos;
				SWIFT_ACTIVE_COMPILATION_CONDITIONS = "DEBUG $(inherited)";
				SWIFT_OPTIMIZATION_LEVEL = "-Onone";
			};
			name = Debug;
		};
		C62ACCB22CB17D9D00E2B32F /* Release */ = {
			isa = XCBuildConfiguration;
			buildSettings = {
				ALWAYS_SEARCH_USER_PATHS = NO;
				ASSETCATALOG_COMPILER_GENERATE_SWIFT_ASSET_SYMBOL_EXTENSIONS = YES;
				CLANG_ANALYZER_NONNULL = YES;
				CLANG_ANALYZER_NUMBER_OBJECT_CONVERSION = YES_AGGRESSIVE;
				CLANG_CXX_LANGUAGE_STANDARD = "gnu++20";
				CLANG_ENABLE_MODULES = YES;
				CLANG_ENABLE_OBJC_ARC = YES;
				CLANG_ENABLE_OBJC_WEAK = YES;
				CLANG_WARN_BLOCK_CAPTURE_AUTORELEASING = YES;
				CLANG_WARN_BOOL_CONVERSION = YES;
				CLANG_WARN_COMMA = YES;
				CLANG_WARN_CONSTANT_CONVERSION = YES;
				CLANG_WARN_DEPRECATED_OBJC_IMPLEMENTATIONS = YES;
				CLANG_WARN_DIRECT_OBJC_ISA_USAGE = YES_ERROR;
				CLANG_WARN_DOCUMENTATION_COMMENTS = YES;
				CLANG_WARN_EMPTY_BODY = YES;
				CLANG_WARN_ENUM_CONVERSION = YES;
				CLANG_WARN_INFINITE_RECURSION = YES;
				CLANG_WARN_INT_CONVERSION = YES;
				CLANG_WARN_NON_LITERAL_NULL_CONVERSION = YES;
				CLANG_WARN_OBJC_IMPLICIT_RETAIN_SELF = YES;
				CLANG_WARN_OBJC_LITERAL_CONVERSION = YES;
				CLANG_WARN_OBJC_ROOT_CLASS = YES_ERROR;
				CLANG_WARN_QUOTED_INCLUDE_IN_FRAMEWORK_HEADER = YES;
				CLANG_WARN_RANGE_LOOP_ANALYSIS = YES;
				CLANG_WARN_STRICT_PROTOTYPES = YES;
				CLANG_WARN_SUSPICIOUS_MOVE = YES;
				CLANG_WARN_UNGUARDED_AVAILABILITY = YES_AGGRESSIVE;
				CLANG_WARN_UNREACHABLE_CODE = YES;
				CLANG_WARN__DUPLICATE_METHOD_MATCH = YES;
				COPY_PHASE_STRIP = NO;
				DEBUG_INFORMATION_FORMAT = "dwarf-with-dsym";
				ENABLE_NS_ASSERTIONS = NO;
				ENABLE_STRICT_OBJC_MSGSEND = YES;
				ENABLE_USER_SCRIPT_SANDBOXING = NO;
				GCC_C_LANGUAGE_STANDARD = gnu17;
				GCC_NO_COMMON_BLOCKS = YES;
				GCC_WARN_64_TO_32_BIT_CONVERSION = YES;
				GCC_WARN_ABOUT_RETURN_TYPE = YES_ERROR;
				GCC_WARN_UNDECLARED_SELECTOR = YES;
				GCC_WARN_UNINITIALIZED_AUTOS = YES_AGGRESSIVE;
				GCC_WARN_UNUSED_FUNCTION = YES;
				GCC_WARN_UNUSED_VARIABLE = YES;
				IPHONEOS_DEPLOYMENT_TARGET = 18.0;
				LOCALIZATION_PREFERS_STRING_CATALOGS = YES;
				MTL_ENABLE_DEBUG_INFO = NO;
				MTL_FAST_MATH = YES;
				SDKROOT = iphoneos;
				SWIFT_COMPILATION_MODE = wholemodule;
				VALIDATE_PRODUCT = YES;
			};
			name = Release;
		};
		C62ACCB42CB17D9D00E2B32F /* Debug */ = {
			isa = XCBuildConfiguration;
			baseConfigurationReference = C9586906A8F77810DEFF5FDC /* Pods-ReminderTests.debug.xcconfig */;
			buildSettings = {
				BUNDLE_LOADER = "$(TEST_HOST)";
				CODE_SIGN_STYLE = Automatic;
				CURRENT_PROJECT_VERSION = 1;
				DEVELOPMENT_TEAM = AVJYPRL2JA;
				GENERATE_INFOPLIST_FILE = YES;
				IPHONEOS_DEPLOYMENT_TARGET = 18.0;
				MARKETING_VERSION = 1.0;
				PRODUCT_BUNDLE_IDENTIFIER = arthurrios.ReminderTests;
				PRODUCT_NAME = "$(TARGET_NAME)";
				SWIFT_EMIT_LOC_STRINGS = NO;
				SWIFT_VERSION = 5.0;
				TARGETED_DEVICE_FAMILY = "1,2";
				TEST_HOST = "$(BUILT_PRODUCTS_DIR)/Reminder.app/$(BUNDLE_EXECUTABLE_FOLDER_PATH)/Reminder";
			};
			name = Debug;
		};
		C62ACCB52CB17D9D00E2B32F /* Release */ = {
			isa = XCBuildConfiguration;
			baseConfigurationReference = FBCEE53A8EC6E20662B4216E /* Pods-ReminderTests.release.xcconfig */;
			buildSettings = {
				BUNDLE_LOADER = "$(TEST_HOST)";
				CODE_SIGN_STYLE = Automatic;
				CURRENT_PROJECT_VERSION = 1;
				DEVELOPMENT_TEAM = AVJYPRL2JA;
				GENERATE_INFOPLIST_FILE = YES;
				IPHONEOS_DEPLOYMENT_TARGET = 18.0;
				MARKETING_VERSION = 1.0;
				PRODUCT_BUNDLE_IDENTIFIER = arthurrios.ReminderTests;
				PRODUCT_NAME = "$(TARGET_NAME)";
				SWIFT_EMIT_LOC_STRINGS = NO;
				SWIFT_VERSION = 5.0;
				TARGETED_DEVICE_FAMILY = "1,2";
				TEST_HOST = "$(BUILT_PRODUCTS_DIR)/Reminder.app/$(BUNDLE_EXECUTABLE_FOLDER_PATH)/Reminder";
			};
			name = Release;
		};
		C62ACCB72CB17D9D00E2B32F /* Debug */ = {
			isa = XCBuildConfiguration;
			baseConfigurationReference = 1545B311EC8F6B27DF8F5AD3 /* Pods-Reminder-ReminderUITests.debug.xcconfig */;
			buildSettings = {
				CODE_SIGN_STYLE = Automatic;
				CURRENT_PROJECT_VERSION = 1;
				DEVELOPMENT_TEAM = AVJYPRL2JA;
				GENERATE_INFOPLIST_FILE = YES;
				MARKETING_VERSION = 1.0;
				PRODUCT_BUNDLE_IDENTIFIER = arthurrios.ReminderUITests;
				PRODUCT_NAME = "$(TARGET_NAME)";
				SWIFT_EMIT_LOC_STRINGS = NO;
				SWIFT_VERSION = 5.0;
				TARGETED_DEVICE_FAMILY = "1,2";
				TEST_TARGET_NAME = Reminder;
			};
			name = Debug;
		};
		C62ACCB82CB17D9D00E2B32F /* Release */ = {
			isa = XCBuildConfiguration;
			baseConfigurationReference = 3FC7B57911D2E3F3FB25AE33 /* Pods-Reminder-ReminderUITests.release.xcconfig */;
			buildSettings = {
				CODE_SIGN_STYLE = Automatic;
				CURRENT_PROJECT_VERSION = 1;
				DEVELOPMENT_TEAM = AVJYPRL2JA;
				GENERATE_INFOPLIST_FILE = YES;
				MARKETING_VERSION = 1.0;
				PRODUCT_BUNDLE_IDENTIFIER = arthurrios.ReminderUITests;
				PRODUCT_NAME = "$(TARGET_NAME)";
				SWIFT_EMIT_LOC_STRINGS = NO;
				SWIFT_VERSION = 5.0;
				TARGETED_DEVICE_FAMILY = "1,2";
				TEST_TARGET_NAME = Reminder;
			};
			name = Release;
		};
/* End XCBuildConfiguration section */

/* Begin XCConfigurationList section */
		C62ACC802CB17D9B00E2B32F /* Build configuration list for PBXProject "Reminder" */ = {
			isa = XCConfigurationList;
			buildConfigurations = (
				C62ACCB12CB17D9D00E2B32F /* Debug */,
				C62ACCB22CB17D9D00E2B32F /* Release */,
			);
			defaultConfigurationIsVisible = 0;
			defaultConfigurationName = Release;
		};
		C62ACCAE2CB17D9D00E2B32F /* Build configuration list for PBXNativeTarget "Reminder" */ = {
			isa = XCConfigurationList;
			buildConfigurations = (
				C62ACCAF2CB17D9D00E2B32F /* Debug */,
				C62ACCB02CB17D9D00E2B32F /* Release */,
			);
			defaultConfigurationIsVisible = 0;
			defaultConfigurationName = Release;
		};
		C62ACCB32CB17D9D00E2B32F /* Build configuration list for PBXNativeTarget "ReminderTests" */ = {
			isa = XCConfigurationList;
			buildConfigurations = (
				C62ACCB42CB17D9D00E2B32F /* Debug */,
				C62ACCB52CB17D9D00E2B32F /* Release */,
			);
			defaultConfigurationIsVisible = 0;
			defaultConfigurationName = Release;
		};
		C62ACCB62CB17D9D00E2B32F /* Build configuration list for PBXNativeTarget "ReminderUITests" */ = {
			isa = XCConfigurationList;
			buildConfigurations = (
				C62ACCB72CB17D9D00E2B32F /* Debug */,
				C62ACCB82CB17D9D00E2B32F /* Release */,
			);
			defaultConfigurationIsVisible = 0;
			defaultConfigurationName = Release;
		};
/* End XCConfigurationList section */
	};
	rootObject = C62ACC7D2CB17D9B00E2B32F /* Project object */;
}
